github.com/apache/thrift v0.0.0-20160514152517-9549b25c7758 h1:+sCpoqc2GfMl+2mYPxrOMS9VPMcaLdQWdEv2lZhZ5Uo=
github.com/apache/thrift v0.0.0-20160514152517-9549b25c7758/go.mod h1:cp2SuWMxlEZw2r+iP2GNCdIi4C1qmUzdZFSVb+bacwQ=
github.com/davecgh/go-spew v1.1.0 h1:ZDRjVQ15GmhC3fiQ8ni8+OwkZQO4DARzQgrnXU1Liz8=
github.com/davecgh/go-spew v1.1.0/go.mod h1:J7Y8YcW2NihsgmVo/mv3lAwl/skON4iLHjSsI+c5H38=
github.com/facebookgo/clock v0.0.0-20150410010913-600d898af40a h1:yDWHCSQ40h88yih2JAcL6Ls/kVkSE8GFACTGVnMPruw=
github.com/facebookgo/clock v0.0.0-20150410010913-600d898af40a/go.mod h1:7Ga40egUymuWXxAe151lTNnCv97MddSOVsjpPPkityA=
github.com/opentracing/opentracing-go v1.0.2 h1:3jA2P6O1F9UOrWVpwrIo17pu01KWvNWg4X946/Y5Zwg=
github.com/opentracing/opentracing-go v1.0.2/go.mod h1:UkNAQd3GIcIGf0SeVgPpRdFStlNbqXla1AfSYxPUl2o=
github.com/pborman/uuid v0.0.0-20160209185913-a97ce2ca70fa h1:l8VQbMdmwFH37kOOaWQ/cw24/u8AuBz5lUym13Wcu0Y=
github.com/pborman/uuid v0.0.0-20160209185913-a97ce2ca70fa/go.mod h1:VyrYX9gd7irzKovcSS6BIIEwPRkP2Wm2m9ufcdFSJ34=
github.com/pmezard/go-difflib v1.0.0 h1:4DBwDE0NGyQoBHbLQYPwSUPoCMWR5BEzIk/f1lZbAQM=
github.com/pmezard/go-difflib v1.0.0/go.mod h1:iKH77koFhYxTK1pcRnkKkqfTogsbg7gZNVY4sRDYZ/4=
github.com/stretchr/objx v0.0.0-20150928122152-1a9d0bb9f541 h1:nvL7eaZN/Zw5emVOGaOclbLMeFO030UrPtWFTUS0p80=
github.com/stretchr/objx v0.0.0-20150928122152-1a9d0bb9f541/go.mod h1:HFkY916IF+rwdDfMAkV7OtwuqBVzrE8GR6GFx+wExME=
github.com/stretchr/testify v1.1.5-0.20170601210322-f6abca593680 h1:oAXco1Ts88F75L1qvG3BAa4ChXI3EZDfxbB+p+y8+gE=
github.com/stretchr/testify v1.1.5-0.20170601210322-f6abca593680/go.mod h1:a8OnRcib4nhh0OaRAV+Yts87kKdq0PP7pXfy6kDkUVs=
github.com/uber-go/atomic v0.0.0-20160601002356-e682c1008ac1 h1:sA6jjPG9eY/YDJxrwN5FiTqIMe57+0ObhAXf/sRYfTI=
github.com/uber-go/atomic v0.0.0-20160601002356-e682c1008ac1/go.mod h1:/Ct5t2lcmbJ4OSe/waGBoaVvVqtO0bmtfVNex1PFV8g=
github.com/uber-go/tally v3.0.2+incompatible h1:dUcCNxvGHlEt0AUwpLP4mY0v/TCNvqpmRkEtI3Z7/os=
github.com/uber-go/tally v3.0.2+incompatible/go.mod h1:YDTIBxdXyOU/sCWilKB4bgyufu1cEi0jdVnRdxvjnmU=
github.com/uber/tchannel-go v1.6.0 h1:npipAo9W2nDDCqeQni9PzhcsCiuED9koyfSjgKY2jmU=
github.com/uber/tchannel-go v1.6.0/go.mod h1:Rrgz1eL8kMjW/nEzZos0t+Heq0O4LhnUJVA32OvWKHo=
github.com/urfave/cli v1.19.2-0.20170625032808-b892ba3809cd h1:56UPnc3z1R8ZgJI+E3JPJTcCkpnYuOZHnNo/gpAk/r0=
github.com/urfave/cli v1.19.2-0.20170625032808-b892ba3809cd/go.mod h1:70zkFmudgCuE/ngEzBv17Jvp/497gISqfk5gWijbERA=
go.uber.org/atomic v1.2.0 h1:yVVGhClJ8Xi1y4TxhJZE6QFPrz76BrzhWA01n47mSFk=
go.uber.org/atomic v1.2.0/go.mod h1:gD2HeocX3+yG+ygLZcrzQJaqmWj9AIm7n08wl/qW/PE=
go.uber.org/cadence v0.3.0-beta h1:ht5uO+8oaZLdFgEYBMweIXB1CqB08/MfVCkCC12hZKw=
go.uber.org/cadence v0.3.0-beta/go.mod h1:CQivfHCJ44B1kKL4LLtOhcepUwNoRodZceo/wU5Nthw=
go.uber.org/zap v1.4.0 h1:1NCAUAdWsNejrjT3CHBdCbC20Ztt9AfByBV0NMX6Sao=
go.uber.org/zap v1.4.0/go.mod h1:vwi/ZaCAaUcBkycHslxD9B2zi4UTXhF60s6SWpuDF0Q=
golang.org/x/net v0.0.0-20170623125723-30f03014b4f1 h1:ZwZfk887ZW4quKQOoAYfCgIydedFb/Ac11scZuZ5CGc=
golang.org/x/net v0.0.0-20170623125723-30f03014b4f1/go.mod h1:mL1N/T3taQHkDXs73rZJwtUhF3w3ftmwwsq0BUmARs4=
golang.org/x/tools v0.0.0-20170707172736-bce9606b3f61/go.mod h1:n7NCudcB/nEzxVGmLbDWY5pfWTLqBcC2KZ6jyYvM4mQ=
gopkg.in/yaml.v2 v2.0.0-20160301204022-a83829b6f129 h1:RBgb9aPUbZ9nu66ecQNIBNsA7j3mB5h8PNDIfhPjaJg=
gopkg.in/yaml.v2 v2.0.0-20160301204022-a83829b6f129/go.mod h1:JAlM8MvJe8wmxCU4Bli9HhUf9+ttbYbLASfIpnQbh74=
